
Microsoft Visual Studio Solution File, Format Version 12.00
# Visual Studio Version 16
VisualStudioVersion = 16.0.30413.136
MinimumVisualStudioVersion = 10.0.40219.1
Project("{FAE04EC0-301F-11D3-BF4B-00C04F79EFBC}") = "SimpleGame", "SimpleGame.csproj", "{7D70D7D4-E804-43AA-B7B8-4C4BF83CC70B}"
EndProject
Global
	GlobalSection(SolutionConfigurationPlatforms) = preSolution
		Debug|Any CPU = Debug|Any CPU
		Release|Any CPU = Release|Any CPU
	EndGlobalSection
	GlobalSection(ProjectConfigurationPlatforms) = postSolution
		{7D70D7D4-E804-43AA-B7B8-4C4BF83CC70B}.Debug|Any CPU.ActiveCfg = Debug|Any CPU
		{7D70D7D4-E804-43AA-B7B8-4C4BF83CC70B}.Debug|Any CPU.Build.0 = Debug|Any CPU
		{7D70D7D4-E804-43AA-B7B8-4C4BF83CC70B}.Release|Any CPU.ActiveCfg = Release|Any CPU
		{7D70D7D4-E804-43AA-B7B8-4C4BF83CC70B}.Release|Any CPU.Build.0 = Release|Any CPU
	EndGlobalSection
	GlobalSection(SolutionProperties) = preSolution
		HideSolutionNode = FALSE
	EndGlobalSection
	GlobalSection(ExtensibilityGlobals) = postSolution
		SolutionGuid = {50D479AB-E613-4652-81C6-2DCC15B106BF}
	EndGlobalSection
EndGlobal
